// !$*UTF8*$!
{
	archiveVersion = 1;
	classes = {
	};
	objectVersion = 56;
	objects = {

/* Begin PBXBuildFile section */
		9F19A29F2AC6F411007113E5 /* CalculatorViewControllerExtension.swift in Sources */ = {isa = PBXBuildFile; fileRef = 9F19A29E2AC6F411007113E5 /* CalculatorViewControllerExtension.swift */; };
		9F19A2A12ACACFF5007113E5 /* SolidCalculator.swift in Sources */ = {isa = PBXBuildFile; fileRef = 9F19A2A02ACACFF5007113E5 /* SolidCalculator.swift */; };
		9F19A2A32ACAD1C6007113E5 /* SolidCalculators.swift in Sources */ = {isa = PBXBuildFile; fileRef = 9F19A2A22ACAD1C6007113E5 /* SolidCalculators.swift */; };
		9F19A2A52ACAD1DF007113E5 /* SolidObjects.swift in Sources */ = {isa = PBXBuildFile; fileRef = 9F19A2A42ACAD1DF007113E5 /* SolidObjects.swift */; };
		9F19A2A72ACAF001007113E5 /* SolidMaterialTableViewController.swift in Sources */ = {isa = PBXBuildFile; fileRef = 9F19A2A62ACAF001007113E5 /* SolidMaterialTableViewController.swift */; };
		9F8A629B2ABD9D240008B7AF /* AppDelegate.swift in Sources */ = {isa = PBXBuildFile; fileRef = 9F8A629A2ABD9D240008B7AF /* AppDelegate.swift */; };
		9F8A629D2ABD9D240008B7AF /* SceneDelegate.swift in Sources */ = {isa = PBXBuildFile; fileRef = 9F8A629C2ABD9D240008B7AF /* SceneDelegate.swift */; };
		9F8A629F2ABD9D240008B7AF /* ViewController.swift in Sources */ = {isa = PBXBuildFile; fileRef = 9F8A629E2ABD9D240008B7AF /* ViewController.swift */; };
		9F8A62A22ABD9D240008B7AF /* Main.storyboard in Resources */ = {isa = PBXBuildFile; fileRef = 9F8A62A02ABD9D240008B7AF /* Main.storyboard */; };
		9F8A62A42ABD9D250008B7AF /* Assets.xcassets in Resources */ = {isa = PBXBuildFile; fileRef = 9F8A62A32ABD9D250008B7AF /* Assets.xcassets */; };
		9F8A62A72ABD9D250008B7AF /* LaunchScreen.storyboard in Resources */ = {isa = PBXBuildFile; fileRef = 9F8A62A52ABD9D250008B7AF /* LaunchScreen.storyboard */; };
		9F8A62AF2ABF5F780008B7AF /* CalculatorViewController.swift in Sources */ = {isa = PBXBuildFile; fileRef = 9F8A62AE2ABF5F780008B7AF /* CalculatorViewController.swift */; };
/* End PBXBuildFile section */

/* Begin PBXFileReference section */
		9F19A29E2AC6F411007113E5 /* CalculatorViewControllerExtension.swift */ = {isa = PBXFileReference; lastKnownFileType = sourcecode.swift; path = CalculatorViewControllerExtension.swift; sourceTree = "<group>"; };
		9F19A2A02ACACFF5007113E5 /* SolidCalculator.swift */ = {isa = PBXFileReference; lastKnownFileType = sourcecode.swift; path = SolidCalculator.swift; sourceTree = "<group>"; };
		9F19A2A22ACAD1C6007113E5 /* SolidCalculators.swift */ = {isa = PBXFileReference; lastKnownFileType = sourcecode.swift; path = SolidCalculators.swift; sourceTree = "<group>"; };
		9F19A2A42ACAD1DF007113E5 /* SolidObjects.swift */ = {isa = PBXFileReference; lastKnownFileType = sourcecode.swift; path = SolidObjects.swift; sourceTree = "<group>"; };
		9F19A2A62ACAF001007113E5 /* SolidMaterialTableViewController.swift */ = {isa = PBXFileReference; lastKnownFileType = sourcecode.swift; path = SolidMaterialTableViewController.swift; sourceTree = "<group>"; };
		9F8A62972ABD9D240008B7AF /* metalWeightCalculator.app */ = {isa = PBXFileReference; explicitFileType = wrapper.application; includeInIndex = 0; path = metalWeightCalculator.app; sourceTree = BUILT_PRODUCTS_DIR; };
		9F8A629A2ABD9D240008B7AF /* AppDelegate.swift */ = {isa = PBXFileReference; lastKnownFileType = sourcecode.swift; path = AppDelegate.swift; sourceTree = "<group>"; };
		9F8A629C2ABD9D240008B7AF /* SceneDelegate.swift */ = {isa = PBXFileReference; lastKnownFileType = sourcecode.swift; path = SceneDelegate.swift; sourceTree = "<group>"; };
		9F8A629E2ABD9D240008B7AF /* ViewController.swift */ = {isa = PBXFileReference; lastKnownFileType = sourcecode.swift; path = ViewController.swift; sourceTree = "<group>"; };
		9F8A62A12ABD9D240008B7AF /* Base */ = {isa = PBXFileReference; lastKnownFileType = file.storyboard; name = Base; path = Base.lproj/Main.storyboard; sourceTree = "<group>"; };
		9F8A62A32ABD9D250008B7AF /* Assets.xcassets */ = {isa = PBXFileReference; lastKnownFileType = folder.assetcatalog; path = Assets.xcassets; sourceTree = "<group>"; };
		9F8A62A62ABD9D250008B7AF /* Base */ = {isa = PBXFileReference; lastKnownFileType = file.storyboard; name = Base; path = Base.lproj/LaunchScreen.storyboard; sourceTree = "<group>"; };
		9F8A62A82ABD9D250008B7AF /* Info.plist */ = {isa = PBXFileReference; lastKnownFileType = text.plist.xml; path = Info.plist; sourceTree = "<group>"; };
		9F8A62AE2ABF5F780008B7AF /* CalculatorViewController.swift */ = {isa = PBXFileReference; lastKnownFileType = sourcecode.swift; path = CalculatorViewController.swift; sourceTree = "<group>"; tabWidth = 4; };
/* End PBXFileReference section */

/* Begin PBXFrameworksBuildPhase section */
		9F8A62942ABD9D240008B7AF /* Frameworks */ = {
			isa = PBXFrameworksBuildPhase;
			buildActionMask = 2147483647;
			files = (
			);
			runOnlyForDeploymentPostprocessing = 0;
		};
/* End PBXFrameworksBuildPhase section */

/* Begin PBXGroup section */
		9F8A628E2ABD9D240008B7AF = {
			isa = PBXGroup;
			children = (
				9F19A2A62ACAF001007113E5 /* SolidMaterialTableViewController.swift */,
				9F19A2A42ACAD1DF007113E5 /* SolidObjects.swift */,
				9F19A2A22ACAD1C6007113E5 /* SolidCalculators.swift */,
				9F19A2A02ACACFF5007113E5 /* SolidCalculator.swift */,
				9F19A29E2AC6F411007113E5 /* CalculatorViewControllerExtension.swift */,
				9F8A62992ABD9D240008B7AF /* metalWeightCalculator */,
				9F8A62982ABD9D240008B7AF /* Products */,
			);
			sourceTree = "<group>";
		};
		9F8A62982ABD9D240008B7AF /* Products */ = {
			isa = PBXGroup;
			children = (
				9F8A62972ABD9D240008B7AF /* metalWeightCalculator.app */,
			);
			name = Products;
			sourceTree = "<group>";
		};
		9F8A62992ABD9D240008B7AF /* metalWeightCalculator */ = {
			isa = PBXGroup;
			children = (
				9F8A629A2ABD9D240008B7AF /* AppDelegate.swift */,
				9F8A629C2ABD9D240008B7AF /* SceneDelegate.swift */,
				9F8A629E2ABD9D240008B7AF /* ViewController.swift */,
				9F8A62A02ABD9D240008B7AF /* Main.storyboard */,
				9F8A62AE2ABF5F780008B7AF /* CalculatorViewController.swift */,
				9F8A62A32ABD9D250008B7AF /* Assets.xcassets */,
				9F8A62A52ABD9D250008B7AF /* LaunchScreen.storyboard */,
				9F8A62A82ABD9D250008B7AF /* Info.plist */,
			);
			path = metalWeightCalculator;
			sourceTree = "<group>";
		};
/* End PBXGroup section */

/* Begin PBXNativeTarget section */
		9F8A62962ABD9D240008B7AF /* metalWeightCalculator */ = {
			isa = PBXNativeTarget;
			buildConfigurationList = 9F8A62AB2ABD9D250008B7AF /* Build configuration list for PBXNativeTarget "metalWeightCalculator" */;
			buildPhases = (
				9F8A62932ABD9D240008B7AF /* Sources */,
				9F8A62942ABD9D240008B7AF /* Frameworks */,
				9F8A62952ABD9D240008B7AF /* Resources */,
			);
			buildRules = (
			);
			dependencies = (
			);
			name = metalWeightCalculator;
			productName = metalWeightCalculator;
			productReference = 9F8A62972ABD9D240008B7AF /* metalWeightCalculator.app */;
			productType = "com.apple.product-type.application";
		};
/* End PBXNativeTarget section */

/* Begin PBXProject section */
		9F8A628F2ABD9D240008B7AF /* Project object */ = {
			isa = PBXProject;
			attributes = {
				BuildIndependentTargetsInParallel = 1;
				LastSwiftUpdateCheck = 1500;
				LastUpgradeCheck = 1500;
				TargetAttributes = {
					9F8A62962ABD9D240008B7AF = {
						CreatedOnToolsVersion = 15.0;
					};
				};
			};
			buildConfigurationList = 9F8A62922ABD9D240008B7AF /* Build configuration list for PBXProject "metalWeightCalculator" */;
			compatibilityVersion = "Xcode 14.0";
			developmentRegion = en;
			hasScannedForEncodings = 0;
			knownRegions = (
				en,
				Base,
			);
			mainGroup = 9F8A628E2ABD9D240008B7AF;
			productRefGroup = 9F8A62982ABD9D240008B7AF /* Products */;
			projectDirPath = "";
			projectRoot = "";
			targets = (
				9F8A62962ABD9D240008B7AF /* metalWeightCalculator */,
			);
		};
/* End PBXProject section */

/* Begin PBXResourcesBuildPhase section */
		9F8A62952ABD9D240008B7AF /* Resources */ = {
			isa = PBXResourcesBuildPhase;
			buildActionMask = 2147483647;
			files = (
				9F8A62A72ABD9D250008B7AF /* LaunchScreen.storyboard in Resources */,
				9F8A62A42ABD9D250008B7AF /* Assets.xcassets in Resources */,
				9F8A62A22ABD9D240008B7AF /* Main.storyboard in Resources */,
			);
			runOnlyForDeploymentPostprocessing = 0;
		};
/* End PBXResourcesBuildPhase section */

/* Begin PBXSourcesBuildPhase section */
		9F8A62932ABD9D240008B7AF /* Sources */ = {
			isa = PBXSourcesBuildPhase;
			buildActionMask = 2147483647;
			files = (
				9F8A629F2ABD9D240008B7AF /* ViewController.swift in Sources */,
				9F19A29F2AC6F411007113E5 /* CalculatorViewControllerExtension.swift in Sources */,
				9F19A2A52ACAD1DF007113E5 /* SolidObjects.swift in Sources */,
				9F8A629B2ABD9D240008B7AF /* AppDelegate.swift in Sources */,
				9F19A2A12ACACFF5007113E5 /* SolidCalculator.swift in Sources */,
				9F8A62AF2ABF5F780008B7AF /* CalculatorViewController.swift in Sources */,
				9F19A2A72ACAF001007113E5 /* SolidMaterialTableViewController.swift in Sources */,
				9F8A629D2ABD9D240008B7AF /* SceneDelegate.swift in Sources */,
				9F19A2A32ACAD1C6007113E5 /* SolidCalculators.swift in Sources */,
			);
			runOnlyForDeploymentPostprocessing = 0;
		};
/* End PBXSourcesBuildPhase section */

/* Begin PBXVariantGroup section */
		9F8A62A02ABD9D240008B7AF /* Main.storyboard */ = {
			isa = PBXVariantGroup;
			children = (
				9F8A62A12ABD9D240008B7AF /* Base */,
			);
			name = Main.storyboard;
			sourceTree = "<group>";
		};
		9F8A62A52ABD9D250008B7AF /* LaunchScreen.storyboard */ = {
			isa = PBXVariantGroup;
			children = (
				9F8A62A62ABD9D250008B7AF /* Base */,
			);
			name = LaunchScreen.storyboard;
			sourceTree = "<group>";
		};
/* End PBXVariantGroup section */

/* Begin XCBuildConfiguration section */
		9F8A62A92ABD9D250008B7AF /* Debug */ = {
			isa = XCBuildConfiguration;
			buildSettings = {
				ALWAYS_SEARCH_USER_PATHS = NO;
				ASSETCATALOG_COMPILER_GENERATE_SWIFT_ASSET_SYMBOL_EXTENSIONS = YES;
				CLANG_ANALYZER_NONNULL = YES;
				CLANG_ANALYZER_NUMBER_OBJECT_CONVERSION = YES_AGGRESSIVE;
				CLANG_CXX_LANGUAGE_STANDARD = "gnu++20";
				CLANG_ENABLE_MODULES = YES;
				CLANG_ENABLE_OBJC_ARC = YES;
				CLANG_ENABLE_OBJC_WEAK = YES;
				CLANG_WARN_BLOCK_CAPTURE_AUTORELEASING = YES;
				CLANG_WARN_BOOL_CONVERSION = YES;
				CLANG_WARN_COMMA = YES;
				CLANG_WARN_CONSTANT_CONVERSION = YES;
				CLANG_WARN_DEPRECATED_OBJC_IMPLEMENTATIONS = YES;
				CLANG_WARN_DIRECT_OBJC_ISA_USAGE = YES_ERROR;
				CLANG_WARN_DOCUMENTATION_COMMENTS = YES;
				CLANG_WARN_EMPTY_BODY = YES;
				CLANG_WARN_ENUM_CONVERSION = YES;
				CLANG_WARN_INFINITE_RECURSION = YES;
				CLANG_WARN_INT_CONVERSION = YES;
				CLANG_WARN_NON_LITERAL_NULL_CONVERSION = YES;
				CLANG_WARN_OBJC_IMPLICIT_RETAIN_SELF = YES;
				CLANG_WARN_OBJC_LITERAL_CONVERSION = YES;
				CLANG_WARN_OBJC_ROOT_CLASS = YES_ERROR;
				CLANG_WARN_QUOTED_INCLUDE_IN_FRAMEWORK_HEADER = YES;
				CLANG_WARN_RANGE_LOOP_ANALYSIS = YES;
				CLANG_WARN_STRICT_PROTOTYPES = YES;
				CLANG_WARN_SUSPICIOUS_MOVE = YES;
				CLANG_WARN_UNGUARDED_AVAILABILITY = YES_AGGRESSIVE;
				CLANG_WARN_UNREACHABLE_CODE = YES;
				CLANG_WARN__DUPLICATE_METHOD_MATCH = YES;
				COPY_PHASE_STRIP = NO;
				DEBUG_INFORMATION_FORMAT = dwarf;
				ENABLE_STRICT_OBJC_MSGSEND = YES;
				ENABLE_TESTABILITY = YES;
				ENABLE_USER_SCRIPT_SANDBOXING = YES;
				GCC_C_LANGUAGE_STANDARD = gnu17;
				GCC_DYNAMIC_NO_PIC = NO;
				GCC_NO_COMMON_BLOCKS = YES;
				GCC_OPTIMIZATION_LEVEL = 0;
				GCC_PREPROCESSOR_DEFINITIONS = (
					"DEBUG=1",
					"$(inherited)",
				);
				GCC_WARN_64_TO_32_BIT_CONVERSION = YES;
				GCC_WARN_ABOUT_RETURN_TYPE = YES_ERROR;
				GCC_WARN_UNDECLARED_SELECTOR = YES;
				GCC_WARN_UNINITIALIZED_AUTOS = YES_AGGRESSIVE;
				GCC_WARN_UNUSED_FUNCTION = YES;
				GCC_WARN_UNUSED_VARIABLE = YES;
				IPHONEOS_DEPLOYMENT_TARGET = 17.0;
				LOCALIZATION_PREFERS_STRING_CATALOGS = YES;
				MTL_ENABLE_DEBUG_INFO = INCLUDE_SOURCE;
				MTL_FAST_MATH = YES;
				ONLY_ACTIVE_ARCH = YES;
				SDKROOT = iphoneos;
				SWIFT_ACTIVE_COMPILATION_CONDITIONS = "DEBUG $(inherited)";
				SWIFT_OPTIMIZATION_LEVEL = "-Onone";
			};
			name = Debug;
		};
		9F8A62AA2ABD9D250008B7AF /* Release */ = {
			isa = XCBuildConfiguration;
			buildSettings = {
				ALWAYS_SEARCH_USER_PATHS = NO;
				ASSETCATALOG_COMPILER_GENERATE_SWIFT_ASSET_SYMBOL_EXTENSIONS = YES;
				CLANG_ANALYZER_NONNULL = YES;
				CLANG_ANALYZER_NUMBER_OBJECT_CONVERSION = YES_AGGRESSIVE;
				CLANG_CXX_LANGUAGE_STANDARD = "gnu++20";
				CLANG_ENABLE_MODULES = YES;
				CLANG_ENABLE_OBJC_ARC = YES;
				CLANG_ENABLE_OBJC_WEAK = YES;
				CLANG_WARN_BLOCK_CAPTURE_AUTORELEASING = YES;
				CLANG_WARN_BOOL_CONVERSION = YES;
				CLANG_WARN_COMMA = YES;
				CLANG_WARN_CONSTANT_CONVERSION = YES;
				CLANG_WARN_DEPRECATED_OBJC_IMPLEMENTATIONS = YES;
				CLANG_WARN_DIRECT_OBJC_ISA_USAGE = YES_ERROR;
				CLANG_WARN_DOCUMENTATION_COMMENTS = YES;
				CLANG_WARN_EMPTY_BODY = YES;
				CLANG_WARN_ENUM_CONVERSION = YES;
				CLANG_WARN_INFINITE_RECURSION = YES;
				CLANG_WARN_INT_CONVERSION = YES;
				CLANG_WARN_NON_LITERAL_NULL_CONVERSION = YES;
				CLANG_WARN_OBJC_IMPLICIT_RETAIN_SELF = YES;
				CLANG_WARN_OBJC_LITERAL_CONVERSION = YES;
				CLANG_WARN_OBJC_ROOT_CLASS = YES_ERROR;
				CLANG_WARN_QUOTED_INCLUDE_IN_FRAMEWORK_HEADER = YES;
				CLANG_WARN_RANGE_LOOP_ANALYSIS = YES;
				CLANG_WARN_STRICT_PROTOTYPES = YES;
				CLANG_WARN_SUSPICIOUS_MOVE = YES;
				CLANG_WARN_UNGUARDED_AVAILABILITY = YES_AGGRESSIVE;
				CLANG_WARN_UNREACHABLE_CODE = YES;
				CLANG_WARN__DUPLICATE_METHOD_MATCH = YES;
				COPY_PHASE_STRIP = NO;
				DEBUG_INFORMATION_FORMAT = "dwarf-with-dsym";
				ENABLE_NS_ASSERTIONS = NO;
				ENABLE_STRICT_OBJC_MSGSEND = YES;
				ENABLE_USER_SCRIPT_SANDBOXING = YES;
				GCC_C_LANGUAGE_STANDARD = gnu17;
				GCC_NO_COMMON_BLOCKS = YES;
				GCC_WARN_64_TO_32_BIT_CONVERSION = YES;
				GCC_WARN_ABOUT_RETURN_TYPE = YES_ERROR;
				GCC_WARN_UNDECLARED_SELECTOR = YES;
				GCC_WARN_UNINITIALIZED_AUTOS = YES_AGGRESSIVE;
				GCC_WARN_UNUSED_FUNCTION = YES;
				GCC_WARN_UNUSED_VARIABLE = YES;
				IPHONEOS_DEPLOYMENT_TARGET = 17.0;
				LOCALIZATION_PREFERS_STRING_CATALOGS = YES;
				MTL_ENABLE_DEBUG_INFO = NO;
				MTL_FAST_MATH = YES;
				SDKROOT = iphoneos;
				SWIFT_COMPILATION_MODE = wholemodule;
				VALIDATE_PRODUCT = YES;
			};
			name = Release;
		};
		9F8A62AC2ABD9D250008B7AF /* Debug */ = {
			isa = XCBuildConfiguration;
			buildSettings = {
				ASSETCATALOG_COMPILER_APPICON_NAME = AppIcon;
				ASSETCATALOG_COMPILER_GLOBAL_ACCENT_COLOR_NAME = AccentColor;
				CODE_SIGN_STYLE = Automatic;
				CURRENT_PROJECT_VERSION = 1;
				GENERATE_INFOPLIST_FILE = YES;
				INFOPLIST_FILE = metalWeightCalculator/Info.plist;
				INFOPLIST_KEY_CFBundleDisplayName = "Metal Weight Calculator";
				INFOPLIST_KEY_LSApplicationCategoryType = "public.app-category.utilities";
				INFOPLIST_KEY_UIApplicationSupportsIndirectInputEvents = YES;
				INFOPLIST_KEY_UILaunchStoryboardName = LaunchScreen;
				INFOPLIST_KEY_UIMainStoryboardFile = Main;
				INFOPLIST_KEY_UISupportedInterfaceOrientations = UIInterfaceOrientationPortrait;
				IPHONEOS_DEPLOYMENT_TARGET = 13.0;
				LD_RUNPATH_SEARCH_PATHS = (
					"$(inherited)",
					"@executable_path/Frameworks",
				);
				MARKETING_VERSION = 1.0;
				PRODUCT_BUNDLE_IDENTIFIER = com.gokhan.metalWeightCalculator;
				PRODUCT_NAME = "$(TARGET_NAME)";
				SWIFT_EMIT_LOC_STRINGS = YES;
				SWIFT_VERSION = 5.0;
				TARGETED_DEVICE_FAMILY = "1,2";
			};
			name = Debug;
		};
		9F8A62AD2ABD9D250008B7AF /* Release */ = {
			isa = XCBuildConfiguration;
			buildSettings = {
				ASSETCATALOG_COMPILER_APPICON_NAME = AppIcon;
				ASSETCATALOG_COMPILER_GLOBAL_ACCENT_COLOR_NAME = AccentColor;
				CODE_SIGN_STYLE = Automatic;
				CURRENT_PROJECT_VERSION = 1;
				GENERATE_INFOPLIST_FILE = YES;
				INFOPLIST_FILE = metalWeightCalculator/Info.plist;
				INFOPLIST_KEY_CFBundleDisplayName = "Metal Weight Calculator";
				INFOPLIST_KEY_LSApplicationCategoryType = "public.app-category.utilities";
				INFOPLIST_KEY_UIApplicationSupportsIndirectInputEvents = YES;
				INFOPLIST_KEY_UILaunchStoryboardName = LaunchScreen;
				INFOPLIST_KEY_UIMainStoryboardFile = Main;
				INFOPLIST_KEY_UISupportedInterfaceOrientations = UIInterfaceOrientationPortrait;
				IPHONEOS_DEPLOYMENT_TARGET = 13.0;
				LD_RUNPATH_SEARCH_PATHS = (
					"$(inherited)",
					"@executable_path/Frameworks",
				);
				MARKETING_VERSION = 1.0;
				PRODUCT_BUNDLE_IDENTIFIER = com.gokhan.metalWeightCalculator;
				PRODUCT_NAME = "$(TARGET_NAME)";
				SWIFT_EMIT_LOC_STRINGS = YES;
				SWIFT_VERSION = 5.0;
				TARGETED_DEVICE_FAMILY = "1,2";
			};
			name = Release;
		};
/* End XCBuildConfiguration section */

/* Begin XCConfigurationList section */
		9F8A62922ABD9D240008B7AF /* Build configuration list for PBXProject "metalWeightCalculator" */ = {
			isa = XCConfigurationList;
			buildConfigurations = (
				9F8A62A92ABD9D250008B7AF /* Debug */,
				9F8A62AA2ABD9D250008B7AF /* Release */,
			);
			defaultConfigurationIsVisible = 0;
			defaultConfigurationName = Release;
		};
		9F8A62AB2ABD9D250008B7AF /* Build configuration list for PBXNativeTarget "metalWeightCalculator" */ = {
			isa = XCConfigurationList;
			buildConfigurations = (
				9F8A62AC2ABD9D250008B7AF /* Debug */,
				9F8A62AD2ABD9D250008B7AF /* Release */,
			);
			defaultConfigurationIsVisible = 0;
			defaultConfigurationName = Release;
		};
/* End XCConfigurationList section */
	};
	rootObject = 9F8A628F2ABD9D240008B7AF /* Project object */;
}
